// !$*UTF8*$!
{
	archiveVersion = 1;
	classes = {
	};
	objectVersion = 50;
	objects = {

/* Begin PBXBuildFile section */
		A37FD13C2446C43600CD1C15 /* VideoPlayer.swift in Sources */ = {isa = PBXBuildFile; fileRef = A37FD13B2446C43600CD1C15 /* VideoPlayer.swift */; };
		A37FD13E2446C46800CD1C15 /* CaptionsList.swift in Sources */ = {isa = PBXBuildFile; fileRef = A37FD13D2446C46800CD1C15 /* CaptionsList.swift */; };
		A37FD1402446C66700CD1C15 /* CaptionsListRow.swift in Sources */ = {isa = PBXBuildFile; fileRef = A37FD13F2446C66700CD1C15 /* CaptionsListRow.swift */; };
		A37FD1432446C99D00CD1C15 /* CaptionsListTitle.swift in Sources */ = {isa = PBXBuildFile; fileRef = A37FD1422446C99D00CD1C15 /* CaptionsListTitle.swift */; };
		A37FD148244722D700CD1C15 /* Data.swift in Sources */ = {isa = PBXBuildFile; fileRef = A37FD147244722D700CD1C15 /* Data.swift */; };
		A37FD14A244722F000CD1C15 /* Caption.swift in Sources */ = {isa = PBXBuildFile; fileRef = A37FD149244722F000CD1C15 /* Caption.swift */; };
		A37FD14E2447254400CD1C15 /* captionData.json in Resources */ = {isa = PBXBuildFile; fileRef = A37FD14D2447254400CD1C15 /* captionData.json */; };
		A3AE25F52446A9B40000F42A /* EditTopLevel.swift in Sources */ = {isa = PBXBuildFile; fileRef = A3AE25F42446A9B40000F42A /* EditTopLevel.swift */; };
		A3AE25F72446AB440000F42A /* ImportTopLevel.swift in Sources */ = {isa = PBXBuildFile; fileRef = A3AE25F62446AB440000F42A /* ImportTopLevel.swift */; };
		A3EB48AA2445A1D10077E555 /* AppDelegate.swift in Sources */ = {isa = PBXBuildFile; fileRef = A3EB48A92445A1D10077E555 /* AppDelegate.swift */; };
		A3EB48AC2445A1D10077E555 /* ContentView.swift in Sources */ = {isa = PBXBuildFile; fileRef = A3EB48AB2445A1D10077E555 /* ContentView.swift */; };
		A3EB48AE2445A1D90077E555 /* Assets.xcassets in Resources */ = {isa = PBXBuildFile; fileRef = A3EB48AD2445A1D90077E555 /* Assets.xcassets */; };
		A3EB48B12445A1D90077E555 /* Preview Assets.xcassets in Resources */ = {isa = PBXBuildFile; fileRef = A3EB48B02445A1D90077E555 /* Preview Assets.xcassets */; };
		A3EB48B42445A1D90077E555 /* Main.storyboard in Resources */ = {isa = PBXBuildFile; fileRef = A3EB48B22445A1D90077E555 /* Main.storyboard */; };
		A3EB48C02445A1D90077E555 /* OpenCaptionsMakerTests.swift in Sources */ = {isa = PBXBuildFile; fileRef = A3EB48BF2445A1D90077E555 /* OpenCaptionsMakerTests.swift */; };
		A3EB48CB2445A1D90077E555 /* OpenCaptionsMakerUITests.swift in Sources */ = {isa = PBXBuildFile; fileRef = A3EB48CA2445A1D90077E555 /* OpenCaptionsMakerUITests.swift */; };
/* End PBXBuildFile section */

/* Begin PBXContainerItemProxy section */
		A3EB48BC2445A1D90077E555 /* PBXContainerItemProxy */ = {
			isa = PBXContainerItemProxy;
			containerPortal = A3EB489E2445A1D10077E555 /* Project object */;
			proxyType = 1;
			remoteGlobalIDString = A3EB48A52445A1D10077E555;
			remoteInfo = OpenCaptionsMaker;
		};
		A3EB48C72445A1D90077E555 /* PBXContainerItemProxy */ = {
			isa = PBXContainerItemProxy;
			containerPortal = A3EB489E2445A1D10077E555 /* Project object */;
			proxyType = 1;
			remoteGlobalIDString = A3EB48A52445A1D10077E555;
			remoteInfo = OpenCaptionsMaker;
		};
/* End PBXContainerItemProxy section */

/* Begin PBXFileReference section */
		A37FD13B2446C43600CD1C15 /* VideoPlayer.swift */ = {isa = PBXFileReference; lastKnownFileType = sourcecode.swift; path = VideoPlayer.swift; sourceTree = "<group>"; };
		A37FD13D2446C46800CD1C15 /* CaptionsList.swift */ = {isa = PBXFileReference; lastKnownFileType = sourcecode.swift; path = CaptionsList.swift; sourceTree = "<group>"; };
		A37FD13F2446C66700CD1C15 /* CaptionsListRow.swift */ = {isa = PBXFileReference; lastKnownFileType = sourcecode.swift; path = CaptionsListRow.swift; sourceTree = "<group>"; };
		A37FD1422446C99D00CD1C15 /* CaptionsListTitle.swift */ = {isa = PBXFileReference; lastKnownFileType = sourcecode.swift; path = CaptionsListTitle.swift; sourceTree = "<group>"; };
		A37FD147244722D700CD1C15 /* Data.swift */ = {isa = PBXFileReference; lastKnownFileType = sourcecode.swift; path = Data.swift; sourceTree = "<group>"; };
		A37FD149244722F000CD1C15 /* Caption.swift */ = {isa = PBXFileReference; lastKnownFileType = sourcecode.swift; path = Caption.swift; sourceTree = "<group>"; };
		A37FD14D2447254400CD1C15 /* captionData.json */ = {isa = PBXFileReference; lastKnownFileType = text.json; path = captionData.json; sourceTree = "<group>"; };
		A3AE25F42446A9B40000F42A /* EditTopLevel.swift */ = {isa = PBXFileReference; lastKnownFileType = sourcecode.swift; path = EditTopLevel.swift; sourceTree = "<group>"; };
		A3AE25F62446AB440000F42A /* ImportTopLevel.swift */ = {isa = PBXFileReference; lastKnownFileType = sourcecode.swift; path = ImportTopLevel.swift; sourceTree = "<group>"; };
		A3EB48A62445A1D10077E555 /* OpenCaptionsMaker.app */ = {isa = PBXFileReference; explicitFileType = wrapper.application; includeInIndex = 0; path = OpenCaptionsMaker.app; sourceTree = BUILT_PRODUCTS_DIR; };
		A3EB48A92445A1D10077E555 /* AppDelegate.swift */ = {isa = PBXFileReference; lastKnownFileType = sourcecode.swift; path = AppDelegate.swift; sourceTree = "<group>"; };
		A3EB48AB2445A1D10077E555 /* ContentView.swift */ = {isa = PBXFileReference; lastKnownFileType = sourcecode.swift; path = ContentView.swift; sourceTree = "<group>"; };
		A3EB48AD2445A1D90077E555 /* Assets.xcassets */ = {isa = PBXFileReference; lastKnownFileType = folder.assetcatalog; path = Assets.xcassets; sourceTree = "<group>"; };
		A3EB48B02445A1D90077E555 /* Preview Assets.xcassets */ = {isa = PBXFileReference; lastKnownFileType = folder.assetcatalog; path = "Preview Assets.xcassets"; sourceTree = "<group>"; };
		A3EB48B32445A1D90077E555 /* Base */ = {isa = PBXFileReference; lastKnownFileType = file.storyboard; name = Base; path = Base.lproj/Main.storyboard; sourceTree = "<group>"; };
		A3EB48B52445A1D90077E555 /* Info.plist */ = {isa = PBXFileReference; lastKnownFileType = text.plist.xml; path = Info.plist; sourceTree = "<group>"; };
		A3EB48B62445A1D90077E555 /* OpenCaptionsMaker.entitlements */ = {isa = PBXFileReference; lastKnownFileType = text.plist.entitlements; path = OpenCaptionsMaker.entitlements; sourceTree = "<group>"; };
		A3EB48BB2445A1D90077E555 /* OpenCaptionsMakerTests.xctest */ = {isa = PBXFileReference; explicitFileType = wrapper.cfbundle; includeInIndex = 0; path = OpenCaptionsMakerTests.xctest; sourceTree = BUILT_PRODUCTS_DIR; };
		A3EB48BF2445A1D90077E555 /* OpenCaptionsMakerTests.swift */ = {isa = PBXFileReference; lastKnownFileType = sourcecode.swift; path = OpenCaptionsMakerTests.swift; sourceTree = "<group>"; };
		A3EB48C12445A1D90077E555 /* Info.plist */ = {isa = PBXFileReference; lastKnownFileType = text.plist.xml; path = Info.plist; sourceTree = "<group>"; };
		A3EB48C62445A1D90077E555 /* OpenCaptionsMakerUITests.xctest */ = {isa = PBXFileReference; explicitFileType = wrapper.cfbundle; includeInIndex = 0; path = OpenCaptionsMakerUITests.xctest; sourceTree = BUILT_PRODUCTS_DIR; };
		A3EB48CA2445A1D90077E555 /* OpenCaptionsMakerUITests.swift */ = {isa = PBXFileReference; lastKnownFileType = sourcecode.swift; path = OpenCaptionsMakerUITests.swift; sourceTree = "<group>"; };
		A3EB48CC2445A1D90077E555 /* Info.plist */ = {isa = PBXFileReference; lastKnownFileType = text.plist.xml; path = Info.plist; sourceTree = "<group>"; };
/* End PBXFileReference section */

/* Begin PBXFrameworksBuildPhase section */
		A3EB48A32445A1D10077E555 /* Frameworks */ = {
			isa = PBXFrameworksBuildPhase;
			buildActionMask = 2147483647;
			files = (
			);
			runOnlyForDeploymentPostprocessing = 0;
		};
		A3EB48B82445A1D90077E555 /* Frameworks */ = {
			isa = PBXFrameworksBuildPhase;
			buildActionMask = 2147483647;
			files = (
			);
			runOnlyForDeploymentPostprocessing = 0;
		};
		A3EB48C32445A1D90077E555 /* Frameworks */ = {
			isa = PBXFrameworksBuildPhase;
			buildActionMask = 2147483647;
			files = (
			);
			runOnlyForDeploymentPostprocessing = 0;
		};
/* End PBXFrameworksBuildPhase section */

/* Begin PBXGroup section */
		A37FD14424471E6C00CD1C15 /* Edit View */ = {
			isa = PBXGroup;
			children = (
				A3AE25F42446A9B40000F42A /* EditTopLevel.swift */,
				A37FD13B2446C43600CD1C15 /* VideoPlayer.swift */,
				A37FD13D2446C46800CD1C15 /* CaptionsList.swift */,
				A37FD13F2446C66700CD1C15 /* CaptionsListRow.swift */,
				A37FD1422446C99D00CD1C15 /* CaptionsListTitle.swift */,
			);
			path = "Edit View";
			sourceTree = "<group>";
		};
		A37FD14524471E7C00CD1C15 /* Import View */ = {
			isa = PBXGroup;
			children = (
				A3AE25F62446AB440000F42A /* ImportTopLevel.swift */,
			);
			path = "Import View";
			sourceTree = "<group>";
		};
		A37FD146244722B500CD1C15 /* Models */ = {
			isa = PBXGroup;
			children = (
				A37FD147244722D700CD1C15 /* Data.swift */,
				A37FD149244722F000CD1C15 /* Caption.swift */,
			);
			path = Models;
			sourceTree = "<group>";
		};
		A37FD14B2447243400CD1C15 /* Transcription */ = {
			isa = PBXGroup;
			children = (
				A37FD14D2447254400CD1C15 /* captionData.json */,
			);
			path = Transcription;
			sourceTree = "<group>";
		};
		A37FD14C2447247200CD1C15 /* Views */ = {
			isa = PBXGroup;
			children = (
				A37FD14524471E7C00CD1C15 /* Import View */,
				A37FD14424471E6C00CD1C15 /* Edit View */,
			);
			path = Views;
			sourceTree = "<group>";
		};
		A3EB489D2445A1D10077E555 = {
			isa = PBXGroup;
			children = (
				A3EB48A82445A1D10077E555 /* OpenCaptionsMaker */,
				A3EB48BE2445A1D90077E555 /* OpenCaptionsMakerTests */,
				A3EB48C92445A1D90077E555 /* OpenCaptionsMakerUITests */,
				A3EB48A72445A1D10077E555 /* Products */,
			);
			sourceTree = "<group>";
		};
		A3EB48A72445A1D10077E555 /* Products */ = {
			isa = PBXGroup;
			children = (
				A3EB48A62445A1D10077E555 /* OpenCaptionsMaker.app */,
				A3EB48BB2445A1D90077E555 /* OpenCaptionsMakerTests.xctest */,
				A3EB48C62445A1D90077E555 /* OpenCaptionsMakerUITests.xctest */,
			);
			name = Products;
			sourceTree = "<group>";
		};
		A3EB48A82445A1D10077E555 /* OpenCaptionsMaker */ = {
			isa = PBXGroup;
			children = (
				A37FD14C2447247200CD1C15 /* Views */,
				A37FD14B2447243400CD1C15 /* Transcription */,
				A37FD146244722B500CD1C15 /* Models */,
				A3EB48A92445A1D10077E555 /* AppDelegate.swift */,
				A3EB48AB2445A1D10077E555 /* ContentView.swift */,
				A3EB48AD2445A1D90077E555 /* Assets.xcassets */,
				A3EB48B22445A1D90077E555 /* Main.storyboard */,
				A3EB48B52445A1D90077E555 /* Info.plist */,
				A3EB48B62445A1D90077E555 /* OpenCaptionsMaker.entitlements */,
				A3EB48AF2445A1D90077E555 /* Preview Content */,
			);
			path = OpenCaptionsMaker;
			sourceTree = "<group>";
		};
		A3EB48AF2445A1D90077E555 /* Preview Content */ = {
			isa = PBXGroup;
			children = (
				A3EB48B02445A1D90077E555 /* Preview Assets.xcassets */,
			);
			path = "Preview Content";
			sourceTree = "<group>";
		};
		A3EB48BE2445A1D90077E555 /* OpenCaptionsMakerTests */ = {
			isa = PBXGroup;
			children = (
				A3EB48BF2445A1D90077E555 /* OpenCaptionsMakerTests.swift */,
				A3EB48C12445A1D90077E555 /* Info.plist */,
			);
			path = OpenCaptionsMakerTests;
			sourceTree = "<group>";
		};
		A3EB48C92445A1D90077E555 /* OpenCaptionsMakerUITests */ = {
			isa = PBXGroup;
			children = (
				A3EB48CA2445A1D90077E555 /* OpenCaptionsMakerUITests.swift */,
				A3EB48CC2445A1D90077E555 /* Info.plist */,
			);
			path = OpenCaptionsMakerUITests;
			sourceTree = "<group>";
		};
/* End PBXGroup section */

/* Begin PBXNativeTarget section */
		A3EB48A52445A1D10077E555 /* OpenCaptionsMaker */ = {
			isa = PBXNativeTarget;
			buildConfigurationList = A3EB48CF2445A1D90077E555 /* Build configuration list for PBXNativeTarget "OpenCaptionsMaker" */;
			buildPhases = (
				A3EB48A22445A1D10077E555 /* Sources */,
				A3EB48A32445A1D10077E555 /* Frameworks */,
				A3EB48A42445A1D10077E555 /* Resources */,
			);
			buildRules = (
			);
			dependencies = (
			);
			name = OpenCaptionsMaker;
			productName = OpenCaptionsMaker;
			productReference = A3EB48A62445A1D10077E555 /* OpenCaptionsMaker.app */;
			productType = "com.apple.product-type.application";
		};
		A3EB48BA2445A1D90077E555 /* OpenCaptionsMakerTests */ = {
			isa = PBXNativeTarget;
			buildConfigurationList = A3EB48D22445A1D90077E555 /* Build configuration list for PBXNativeTarget "OpenCaptionsMakerTests" */;
			buildPhases = (
				A3EB48B72445A1D90077E555 /* Sources */,
				A3EB48B82445A1D90077E555 /* Frameworks */,
				A3EB48B92445A1D90077E555 /* Resources */,
			);
			buildRules = (
			);
			dependencies = (
				A3EB48BD2445A1D90077E555 /* PBXTargetDependency */,
			);
			name = OpenCaptionsMakerTests;
			productName = OpenCaptionsMakerTests;
			productReference = A3EB48BB2445A1D90077E555 /* OpenCaptionsMakerTests.xctest */;
			productType = "com.apple.product-type.bundle.unit-test";
		};
		A3EB48C52445A1D90077E555 /* OpenCaptionsMakerUITests */ = {
			isa = PBXNativeTarget;
			buildConfigurationList = A3EB48D52445A1D90077E555 /* Build configuration list for PBXNativeTarget "OpenCaptionsMakerUITests" */;
			buildPhases = (
				A3EB48C22445A1D90077E555 /* Sources */,
				A3EB48C32445A1D90077E555 /* Frameworks */,
				A3EB48C42445A1D90077E555 /* Resources */,
			);
			buildRules = (
			);
			dependencies = (
				A3EB48C82445A1D90077E555 /* PBXTargetDependency */,
			);
			name = OpenCaptionsMakerUITests;
			productName = OpenCaptionsMakerUITests;
			productReference = A3EB48C62445A1D90077E555 /* OpenCaptionsMakerUITests.xctest */;
			productType = "com.apple.product-type.bundle.ui-testing";
		};
/* End PBXNativeTarget section */

/* Begin PBXProject section */
		A3EB489E2445A1D10077E555 /* Project object */ = {
			isa = PBXProject;
			attributes = {
				LastSwiftUpdateCheck = 1140;
				LastUpgradeCheck = 1140;
				ORGANIZATIONNAME = "Dylan Klein";
				TargetAttributes = {
					A3EB48A52445A1D10077E555 = {
						CreatedOnToolsVersion = 11.4;
					};
					A3EB48BA2445A1D90077E555 = {
						CreatedOnToolsVersion = 11.4;
						TestTargetID = A3EB48A52445A1D10077E555;
					};
					A3EB48C52445A1D90077E555 = {
						CreatedOnToolsVersion = 11.4;
						TestTargetID = A3EB48A52445A1D10077E555;
					};
				};
			};
			buildConfigurationList = A3EB48A12445A1D10077E555 /* Build configuration list for PBXProject "OpenCaptionsMaker" */;
			compatibilityVersion = "Xcode 9.3";
			developmentRegion = en;
			hasScannedForEncodings = 0;
			knownRegions = (
				en,
				Base,
			);
			mainGroup = A3EB489D2445A1D10077E555;
			productRefGroup = A3EB48A72445A1D10077E555 /* Products */;
			projectDirPath = "";
			projectRoot = "";
			targets = (
				A3EB48A52445A1D10077E555 /* OpenCaptionsMaker */,
				A3EB48BA2445A1D90077E555 /* OpenCaptionsMakerTests */,
				A3EB48C52445A1D90077E555 /* OpenCaptionsMakerUITests */,
			);
		};
/* End PBXProject section */

/* Begin PBXResourcesBuildPhase section */
		A3EB48A42445A1D10077E555 /* Resources */ = {
			isa = PBXResourcesBuildPhase;
			buildActionMask = 2147483647;
			files = (
				A37FD14E2447254400CD1C15 /* captionData.json in Resources */,
				A3EB48B42445A1D90077E555 /* Main.storyboard in Resources */,
				A3EB48B12445A1D90077E555 /* Preview Assets.xcassets in Resources */,
				A3EB48AE2445A1D90077E555 /* Assets.xcassets in Resources */,
			);
			runOnlyForDeploymentPostprocessing = 0;
		};
		A3EB48B92445A1D90077E555 /* Resources */ = {
			isa = PBXResourcesBuildPhase;
			buildActionMask = 2147483647;
			files = (
			);
			runOnlyForDeploymentPostprocessing = 0;
		};
		A3EB48C42445A1D90077E555 /* Resources */ = {
			isa = PBXResourcesBuildPhase;
			buildActionMask = 2147483647;
			files = (
			);
			runOnlyForDeploymentPostprocessing = 0;
		};
/* End PBXResourcesBuildPhase section */

/* Begin PBXSourcesBuildPhase section */
		A3EB48A22445A1D10077E555 /* Sources */ = {
			isa = PBXSourcesBuildPhase;
			buildActionMask = 2147483647;
			files = (
				A37FD1432446C99D00CD1C15 /* CaptionsListTitle.swift in Sources */,
				A37FD1402446C66700CD1C15 /* CaptionsListRow.swift in Sources */,
				A37FD13E2446C46800CD1C15 /* CaptionsList.swift in Sources */,
				A3AE25F72446AB440000F42A /* ImportTopLevel.swift in Sources */,
				A37FD14A244722F000CD1C15 /* Caption.swift in Sources */,
				A3EB48AC2445A1D10077E555 /* ContentView.swift in Sources */,
				A3EB48AA2445A1D10077E555 /* AppDelegate.swift in Sources */,
				A3AE25F52446A9B40000F42A /* EditTopLevel.swift in Sources */,
				A37FD148244722D700CD1C15 /* Data.swift in Sources */,
				A37FD13C2446C43600CD1C15 /* VideoPlayer.swift in Sources */,
			);
			runOnlyForDeploymentPostprocessing = 0;
		};
		A3EB48B72445A1D90077E555 /* Sources */ = {
			isa = PBXSourcesBuildPhase;
			buildActionMask = 2147483647;
			files = (
				A3EB48C02445A1D90077E555 /* OpenCaptionsMakerTests.swift in Sources */,
			);
			runOnlyForDeploymentPostprocessing = 0;
		};
		A3EB48C22445A1D90077E555 /* Sources */ = {
			isa = PBXSourcesBuildPhase;
			buildActionMask = 2147483647;
			files = (
				A3EB48CB2445A1D90077E555 /* OpenCaptionsMakerUITests.swift in Sources */,
			);
			runOnlyForDeploymentPostprocessing = 0;
		};
/* End PBXSourcesBuildPhase section */

/* Begin PBXTargetDependency section */
		A3EB48BD2445A1D90077E555 /* PBXTargetDependency */ = {
			isa = PBXTargetDependency;
			target = A3EB48A52445A1D10077E555 /* OpenCaptionsMaker */;
			targetProxy = A3EB48BC2445A1D90077E555 /* PBXContainerItemProxy */;
		};
		A3EB48C82445A1D90077E555 /* PBXTargetDependency */ = {
			isa = PBXTargetDependency;
			target = A3EB48A52445A1D10077E555 /* OpenCaptionsMaker */;
			targetProxy = A3EB48C72445A1D90077E555 /* PBXContainerItemProxy */;
		};
/* End PBXTargetDependency section */

/* Begin PBXVariantGroup section */
		A3EB48B22445A1D90077E555 /* Main.storyboard */ = {
			isa = PBXVariantGroup;
			children = (
				A3EB48B32445A1D90077E555 /* Base */,
			);
			name = Main.storyboard;
			sourceTree = "<group>";
		};
/* End PBXVariantGroup section */

/* Begin XCBuildConfiguration section */
		A3EB48CD2445A1D90077E555 /* Debug */ = {
			isa = XCBuildConfiguration;
			buildSettings = {
				ALWAYS_SEARCH_USER_PATHS = NO;
				CLANG_ANALYZER_NONNULL = YES;
				CLANG_ANALYZER_NUMBER_OBJECT_CONVERSION = YES_AGGRESSIVE;
				CLANG_CXX_LANGUAGE_STANDARD = "gnu++14";
				CLANG_CXX_LIBRARY = "libc++";
				CLANG_ENABLE_MODULES = YES;
				CLANG_ENABLE_OBJC_ARC = YES;
				CLANG_ENABLE_OBJC_WEAK = YES;
				CLANG_WARN_BLOCK_CAPTURE_AUTORELEASING = YES;
				CLANG_WARN_BOOL_CONVERSION = YES;
				CLANG_WARN_COMMA = YES;
				CLANG_WARN_CONSTANT_CONVERSION = YES;
				CLANG_WARN_DEPRECATED_OBJC_IMPLEMENTATIONS = YES;
				CLANG_WARN_DIRECT_OBJC_ISA_USAGE = YES_ERROR;
				CLANG_WARN_DOCUMENTATION_COMMENTS = YES;
				CLANG_WARN_EMPTY_BODY = YES;
				CLANG_WARN_ENUM_CONVERSION = YES;
				CLANG_WARN_INFINITE_RECURSION = YES;
				CLANG_WARN_INT_CONVERSION = YES;
				CLANG_WARN_NON_LITERAL_NULL_CONVERSION = YES;
				CLANG_WARN_OBJC_IMPLICIT_RETAIN_SELF = YES;
				CLANG_WARN_OBJC_LITERAL_CONVERSION = YES;
				CLANG_WARN_OBJC_ROOT_CLASS = YES_ERROR;
				CLANG_WARN_RANGE_LOOP_ANALYSIS = YES;
				CLANG_WARN_STRICT_PROTOTYPES = YES;
				CLANG_WARN_SUSPICIOUS_MOVE = YES;
				CLANG_WARN_UNGUARDED_AVAILABILITY = YES_AGGRESSIVE;
				CLANG_WARN_UNREACHABLE_CODE = YES;
				CLANG_WARN__DUPLICATE_METHOD_MATCH = YES;
				COPY_PHASE_STRIP = NO;
				DEBUG_INFORMATION_FORMAT = dwarf;
				ENABLE_STRICT_OBJC_MSGSEND = YES;
				ENABLE_TESTABILITY = YES;
				GCC_C_LANGUAGE_STANDARD = gnu11;
				GCC_DYNAMIC_NO_PIC = NO;
				GCC_NO_COMMON_BLOCKS = YES;
				GCC_OPTIMIZATION_LEVEL = 0;
				GCC_PREPROCESSOR_DEFINITIONS = (
					"DEBUG=1",
					"$(inherited)",
				);
				GCC_WARN_64_TO_32_BIT_CONVERSION = YES;
				GCC_WARN_ABOUT_RETURN_TYPE = YES_ERROR;
				GCC_WARN_UNDECLARED_SELECTOR = YES;
				GCC_WARN_UNINITIALIZED_AUTOS = YES_AGGRESSIVE;
				GCC_WARN_UNUSED_FUNCTION = YES;
				GCC_WARN_UNUSED_VARIABLE = YES;
				MACOSX_DEPLOYMENT_TARGET = 10.15;
				MTL_ENABLE_DEBUG_INFO = INCLUDE_SOURCE;
				MTL_FAST_MATH = YES;
				ONLY_ACTIVE_ARCH = YES;
				SDKROOT = macosx;
				SWIFT_ACTIVE_COMPILATION_CONDITIONS = DEBUG;
				SWIFT_OPTIMIZATION_LEVEL = "-Onone";
			};
			name = Debug;
		};
		A3EB48CE2445A1D90077E555 /* Release */ = {
			isa = XCBuildConfiguration;
			buildSettings = {
				ALWAYS_SEARCH_USER_PATHS = NO;
				CLANG_ANALYZER_NONNULL = YES;
				CLANG_ANALYZER_NUMBER_OBJECT_CONVERSION = YES_AGGRESSIVE;
				CLANG_CXX_LANGUAGE_STANDARD = "gnu++14";
				CLANG_CXX_LIBRARY = "libc++";
				CLANG_ENABLE_MODULES = YES;
				CLANG_ENABLE_OBJC_ARC = YES;
				CLANG_ENABLE_OBJC_WEAK = YES;
				CLANG_WARN_BLOCK_CAPTURE_AUTORELEASING = YES;
				CLANG_WARN_BOOL_CONVERSION = YES;
				CLANG_WARN_COMMA = YES;
				CLANG_WARN_CONSTANT_CONVERSION = YES;
				CLANG_WARN_DEPRECATED_OBJC_IMPLEMENTATIONS = YES;
				CLANG_WARN_DIRECT_OBJC_ISA_USAGE = YES_ERROR;
				CLANG_WARN_DOCUMENTATION_COMMENTS = YES;
				CLANG_WARN_EMPTY_BODY = YES;
				CLANG_WARN_ENUM_CONVERSION = YES;
				CLANG_WARN_INFINITE_RECURSION = YES;
				CLANG_WARN_INT_CONVERSION = YES;
				CLANG_WARN_NON_LITERAL_NULL_CONVERSION = YES;
				CLANG_WARN_OBJC_IMPLICIT_RETAIN_SELF = YES;
				CLANG_WARN_OBJC_LITERAL_CONVERSION = YES;
				CLANG_WARN_OBJC_ROOT_CLASS = YES_ERROR;
				CLANG_WARN_RANGE_LOOP_ANALYSIS = YES;
				CLANG_WARN_STRICT_PROTOTYPES = YES;
				CLANG_WARN_SUSPICIOUS_MOVE = YES;
				CLANG_WARN_UNGUARDED_AVAILABILITY = YES_AGGRESSIVE;
				CLANG_WARN_UNREACHABLE_CODE = YES;
				CLANG_WARN__DUPLICATE_METHOD_MATCH = YES;
				COPY_PHASE_STRIP = NO;
				DEBUG_INFORMATION_FORMAT = "dwarf-with-dsym";
				ENABLE_NS_ASSERTIONS = NO;
				ENABLE_STRICT_OBJC_MSGSEND = YES;
				GCC_C_LANGUAGE_STANDARD = gnu11;
				GCC_NO_COMMON_BLOCKS = YES;
				GCC_WARN_64_TO_32_BIT_CONVERSION = YES;
				GCC_WARN_ABOUT_RETURN_TYPE = YES_ERROR;
				GCC_WARN_UNDECLARED_SELECTOR = YES;
				GCC_WARN_UNINITIALIZED_AUTOS = YES_AGGRESSIVE;
				GCC_WARN_UNUSED_FUNCTION = YES;
				GCC_WARN_UNUSED_VARIABLE = YES;
				MACOSX_DEPLOYMENT_TARGET = 10.15;
				MTL_ENABLE_DEBUG_INFO = NO;
				MTL_FAST_MATH = YES;
				SDKROOT = macosx;
				SWIFT_COMPILATION_MODE = wholemodule;
				SWIFT_OPTIMIZATION_LEVEL = "-O";
			};
			name = Release;
		};
		A3EB48D02445A1D90077E555 /* Debug */ = {
			isa = XCBuildConfiguration;
			buildSettings = {
				ASSETCATALOG_COMPILER_APPICON_NAME = AppIcon;
				CODE_SIGN_ENTITLEMENTS = OpenCaptionsMaker/OpenCaptionsMaker.entitlements;
				CODE_SIGN_STYLE = Automatic;
				COMBINE_HIDPI_IMAGES = YES;
				DEVELOPMENT_ASSET_PATHS = "\"OpenCaptionsMaker/Preview Content\"";
				ENABLE_PREVIEWS = YES;
				INFOPLIST_FILE = OpenCaptionsMaker/Info.plist;
				LD_RUNPATH_SEARCH_PATHS = (
					"$(inherited)",
					"@executable_path/../Frameworks",
				);
				MACOSX_DEPLOYMENT_TARGET = 10.15;
				PRODUCT_BUNDLE_IDENTIFIER = com.dylan.OpenCaptionsMaker;
				PRODUCT_NAME = "$(TARGET_NAME)";
				SWIFT_VERSION = 5.0;
			};
			name = Debug;
		};
		A3EB48D12445A1D90077E555 /* Release */ = {
			isa = XCBuildConfiguration;
			buildSettings = {
				ASSETCATALOG_COMPILER_APPICON_NAME = AppIcon;
				CODE_SIGN_ENTITLEMENTS = OpenCaptionsMaker/OpenCaptionsMaker.entitlements;
				CODE_SIGN_STYLE = Automatic;
				COMBINE_HIDPI_IMAGES = YES;
				DEVELOPMENT_ASSET_PATHS = "\"OpenCaptionsMaker/Preview Content\"";
				ENABLE_PREVIEWS = YES;
				INFOPLIST_FILE = OpenCaptionsMaker/Info.plist;
				LD_RUNPATH_SEARCH_PATHS = (
					"$(inherited)",
					"@executable_path/../Frameworks",
				);
				MACOSX_DEPLOYMENT_TARGET = 10.15;
				PRODUCT_BUNDLE_IDENTIFIER = com.dylan.OpenCaptionsMaker;
				PRODUCT_NAME = "$(TARGET_NAME)";
				SWIFT_VERSION = 5.0;
			};
			name = Release;
		};
		A3EB48D32445A1D90077E555 /* Debug */ = {
			isa = XCBuildConfiguration;
			buildSettings = {
				ALWAYS_EMBED_SWIFT_STANDARD_LIBRARIES = YES;
				BUNDLE_LOADER = "$(TEST_HOST)";
				CODE_SIGN_STYLE = Automatic;
				COMBINE_HIDPI_IMAGES = YES;
				INFOPLIST_FILE = OpenCaptionsMakerTests/Info.plist;
				LD_RUNPATH_SEARCH_PATHS = (
					"$(inherited)",
					"@executable_path/../Frameworks",
					"@loader_path/../Frameworks",
				);
				MACOSX_DEPLOYMENT_TARGET = 10.15;
				PRODUCT_BUNDLE_IDENTIFIER = com.dylan.OpenCaptionsMakerTests;
				PRODUCT_NAME = "$(TARGET_NAME)";
				SWIFT_VERSION = 5.0;
				TEST_HOST = "$(BUILT_PRODUCTS_DIR)/OpenCaptionsMaker.app/Contents/MacOS/OpenCaptionsMaker";
			};
			name = Debug;
		};
		A3EB48D42445A1D90077E555 /* Release */ = {
			isa = XCBuildConfiguration;
			buildSettings = {
				ALWAYS_EMBED_SWIFT_STANDARD_LIBRARIES = YES;
				BUNDLE_LOADER = "$(TEST_HOST)";
				CODE_SIGN_STYLE = Automatic;
				COMBINE_HIDPI_IMAGES = YES;
				INFOPLIST_FILE = OpenCaptionsMakerTests/Info.plist;
				LD_RUNPATH_SEARCH_PATHS = (
					"$(inherited)",
					"@executable_path/../Frameworks",
					"@loader_path/../Frameworks",
				);
				MACOSX_DEPLOYMENT_TARGET = 10.15;
				PRODUCT_BUNDLE_IDENTIFIER = com.dylan.OpenCaptionsMakerTests;
				PRODUCT_NAME = "$(TARGET_NAME)";
				SWIFT_VERSION = 5.0;
				TEST_HOST = "$(BUILT_PRODUCTS_DIR)/OpenCaptionsMaker.app/Contents/MacOS/OpenCaptionsMaker";
			};
			name = Release;
		};
		A3EB48D62445A1D90077E555 /* Debug */ = {
			isa = XCBuildConfiguration;
			buildSettings = {
				ALWAYS_EMBED_SWIFT_STANDARD_LIBRARIES = YES;
				CODE_SIGN_STYLE = Automatic;
				COMBINE_HIDPI_IMAGES = YES;
				INFOPLIST_FILE = OpenCaptionsMakerUITests/Info.plist;
				LD_RUNPATH_SEARCH_PATHS = (
					"$(inherited)",
					"@executable_path/../Frameworks",
					"@loader_path/../Frameworks",
				);
				PRODUCT_BUNDLE_IDENTIFIER = com.dylan.OpenCaptionsMakerUITests;
				PRODUCT_NAME = "$(TARGET_NAME)";
				SWIFT_VERSION = 5.0;
				TEST_TARGET_NAME = OpenCaptionsMaker;
			};
			name = Debug;
		};
		A3EB48D72445A1D90077E555 /* Release */ = {
			isa = XCBuildConfiguration;
			buildSettings = {
				ALWAYS_EMBED_SWIFT_STANDARD_LIBRARIES = YES;
				CODE_SIGN_STYLE = Automatic;
				COMBINE_HIDPI_IMAGES = YES;
				INFOPLIST_FILE = OpenCaptionsMakerUITests/Info.plist;
				LD_RUNPATH_SEARCH_PATHS = (
					"$(inherited)",
					"@executable_path/../Frameworks",
					"@loader_path/../Frameworks",
				);
				PRODUCT_BUNDLE_IDENTIFIER = com.dylan.OpenCaptionsMakerUITests;
				PRODUCT_NAME = "$(TARGET_NAME)";
				SWIFT_VERSION = 5.0;
				TEST_TARGET_NAME = OpenCaptionsMaker;
			};
			name = Release;
		};
/* End XCBuildConfiguration section */

/* Begin XCConfigurationList section */
		A3EB48A12445A1D10077E555 /* Build configuration list for PBXProject "OpenCaptionsMaker" */ = {
			isa = XCConfigurationList;
			buildConfigurations = (
				A3EB48CD2445A1D90077E555 /* Debug */,
				A3EB48CE2445A1D90077E555 /* Release */,
			);
			defaultConfigurationIsVisible = 0;
			defaultConfigurationName = Release;
		};
		A3EB48CF2445A1D90077E555 /* Build configuration list for PBXNativeTarget "OpenCaptionsMaker" */ = {
			isa = XCConfigurationList;
			buildConfigurations = (
				A3EB48D02445A1D90077E555 /* Debug */,
				A3EB48D12445A1D90077E555 /* Release */,
			);
			defaultConfigurationIsVisible = 0;
			defaultConfigurationName = Release;
		};
		A3EB48D22445A1D90077E555 /* Build configuration list for PBXNativeTarget "OpenCaptionsMakerTests" */ = {
			isa = XCConfigurationList;
			buildConfigurations = (
				A3EB48D32445A1D90077E555 /* Debug */,
				A3EB48D42445A1D90077E555 /* Release */,
			);
			defaultConfigurationIsVisible = 0;
			defaultConfigurationName = Release;
		};
		A3EB48D52445A1D90077E555 /* Build configuration list for PBXNativeTarget "OpenCaptionsMakerUITests" */ = {
			isa = XCConfigurationList;
			buildConfigurations = (
				A3EB48D62445A1D90077E555 /* Debug */,
				A3EB48D72445A1D90077E555 /* Release */,
			);
			defaultConfigurationIsVisible = 0;
			defaultConfigurationName = Release;
		};
/* End XCConfigurationList section */
	};
	rootObject = A3EB489E2445A1D10077E555 /* Project object */;
}
